
Microsoft Visual Studio Solution File, Format Version 12.00
Project("{2150E333-8FDC-42A3-9474-1A3956D46DE8}") = "solutionItems", "solutionItems", "{DBCF8126-46E5-4F29-8A68-2714A21E2442}"
	ProjectSection(SolutionItems) = preProject
		README.md = README.md
	EndProjectSection
EndProject
Project("{2150E333-8FDC-42A3-9474-1A3956D46DE8}") = "src", "src", "{FC0C504C-D787-4871-A464-D4BFE8C9E57F}"
EndProject
Project("{FAE04EC0-301F-11D3-BF4B-00C04F79EFBC}") = "Meteor.Search.Api", "src\Meteor.Search.Api\Meteor.Search.Api.csproj", "{9F82294B-A762-4651-9639-113176F8E005}"
EndProject
Project("{FAE04EC0-301F-11D3-BF4B-00C04F79EFBC}") = "Meteor.Search.Core", "src\Meteor.Search.Core\Meteor.Search.Core.csproj", "{85141E62-A09C-49E0-82BE-237B0F26C1C6}"
EndProject
Global
	GlobalSection(SolutionConfigurationPlatforms) = preSolution
		Debug|Any CPU = Debug|Any CPU
		Release|Any CPU = Release|Any CPU
	EndGlobalSection
	GlobalSection(NestedProjects) = preSolution
		{9F82294B-A762-4651-9639-113176F8E005} = {FC0C504C-D787-4871-A464-D4BFE8C9E57F}
		{85141E62-A09C-49E0-82BE-237B0F26C1C6} = {FC0C504C-D787-4871-A464-D4BFE8C9E57F}
	EndGlobalSection
	GlobalSection(ProjectConfigurationPlatforms) = postSolution
		{9F82294B-A762-4651-9639-113176F8E005}.Debug|Any CPU.ActiveCfg = Debug|Any CPU
		{9F82294B-A762-4651-9639-113176F8E005}.Debug|Any CPU.Build.0 = Debug|Any CPU
		{9F82294B-A762-4651-9639-113176F8E005}.Release|Any CPU.ActiveCfg = Release|Any CPU
		{9F82294B-A762-4651-9639-113176F8E005}.Release|Any CPU.Build.0 = Release|Any CPU
		{85141E62-A09C-49E0-82BE-237B0F26C1C6}.Debug|Any CPU.ActiveCfg = Debug|Any CPU
		{85141E62-A09C-49E0-82BE-237B0F26C1C6}.Debug|Any CPU.Build.0 = Debug|Any CPU
		{85141E62-A09C-49E0-82BE-237B0F26C1C6}.Release|Any CPU.ActiveCfg = Release|Any CPU
		{85141E62-A09C-49E0-82BE-237B0F26C1C6}.Release|Any CPU.Build.0 = Release|Any CPU
	EndGlobalSection
EndGlobal
